{
  "originHash" : "f1fcc4af14a5da69d396d4eabae718bd3f967d8c0e321cf7135df00075cc49db",
  "pins" : [
    {
      "identity" : "onesignal-xcframework",
      "kind" : "remoteSourceControl",
      "location" : "https://github.com/Onesignal/Onesignal-XCFramework",
      "state" : {
        "revision" : "4b1006d361811aa8f1c4d2ae0fab94a18540ff75",
        "version" : "5.2.2"
      }
    }
  ],
  "version" : 3
}
